// !$*UTF8*$!
{
	archiveVersion = 1;
	classes = {
	};
	objectVersion = 51;
	objects = {

/* Begin PBXBuildFile section */
		332BAF8F9D523448C3F2AF16 /* Pods_instagram_fbu_caUITests.framework in Frameworks */ = {isa = PBXBuildFile; fileRef = 78E0EF802E573E3F2308523A /* Pods_instagram_fbu_caUITests.framework */; };
		341F4EC022D3F53400F1000C /* AppDelegate.m in Sources */ = {isa = PBXBuildFile; fileRef = 341F4EBF22D3F53400F1000C /* AppDelegate.m */; };
		341F4EC622D3F53400F1000C /* Main.storyboard in Resources */ = {isa = PBXBuildFile; fileRef = 341F4EC422D3F53400F1000C /* Main.storyboard */; };
		341F4EC822D3F53500F1000C /* Assets.xcassets in Resources */ = {isa = PBXBuildFile; fileRef = 341F4EC722D3F53500F1000C /* Assets.xcassets */; };
		341F4ECB22D3F53500F1000C /* LaunchScreen.storyboard in Resources */ = {isa = PBXBuildFile; fileRef = 341F4EC922D3F53500F1000C /* LaunchScreen.storyboard */; };
		341F4ECE22D3F53500F1000C /* main.m in Sources */ = {isa = PBXBuildFile; fileRef = 341F4ECD22D3F53500F1000C /* main.m */; };
		341F4ED822D3F53500F1000C /* instagram_fbu_caTests.m in Sources */ = {isa = PBXBuildFile; fileRef = 341F4ED722D3F53500F1000C /* instagram_fbu_caTests.m */; };
		341F4EE322D3F53500F1000C /* instagram_fbu_caUITests.m in Sources */ = {isa = PBXBuildFile; fileRef = 341F4EE222D3F53500F1000C /* instagram_fbu_caUITests.m */; };
		344E7F3022D542EC00178C15 /* SignUpViewController.m in Sources */ = {isa = PBXBuildFile; fileRef = 344E7F2F22D542EC00178C15 /* SignUpViewController.m */; };
		344E7F3522D5464E00178C15 /* Login2ViewController.m in Sources */ = {isa = PBXBuildFile; fileRef = 344E7F3422D5464E00178C15 /* Login2ViewController.m */; };
		344E7F4822D5BB3200178C15 /* TimelineViewController.m in Sources */ = {isa = PBXBuildFile; fileRef = 344E7F4722D5BB3200178C15 /* TimelineViewController.m */; };
		344E7F9322D68E2700178C15 /* CameraViewController.m in Sources */ = {isa = PBXBuildFile; fileRef = 344E7F9222D68E2700178C15 /* CameraViewController.m */; };
		344E7F9722D69CEC00178C15 /* PostCell.m in Sources */ = {isa = PBXBuildFile; fileRef = 344E7F9622D69CEC00178C15 /* PostCell.m */; };
		344E7F9B22D6A23D00178C15 /* Post.m in Sources */ = {isa = PBXBuildFile; fileRef = 344E7F9A22D6A23D00178C15 /* Post.m */; };
		344E7FA022D7DCE200178C15 /* DetailsViewController.m in Sources */ = {isa = PBXBuildFile; fileRef = 344E7F9F22D7DCE200178C15 /* DetailsViewController.m */; };
		344E7FA322D8238A00178C15 /* ProfileViewController.m in Sources */ = {isa = PBXBuildFile; fileRef = 344E7FA222D8238A00178C15 /* ProfileViewController.m */; };
		344E7FA622D8439700178C15 /* ProfilePostCollectionCell.m in Sources */ = {isa = PBXBuildFile; fileRef = 344E7FA522D8439700178C15 /* ProfilePostCollectionCell.m */; };
		371E7DDA732398D41591EE22 /* Pods_instagram_fbu_ca.framework in Frameworks */ = {isa = PBXBuildFile; fileRef = 17C4964D04238E86A9D675D2 /* Pods_instagram_fbu_ca.framework */; };
		62C0366491CF0DF029E7254E /* Pods_instagram_fbu_caTests.framework in Frameworks */ = {isa = PBXBuildFile; fileRef = A04577CD8BCCBED86958CAAC /* Pods_instagram_fbu_caTests.framework */; };
/* End PBXBuildFile section */

/* Begin PBXContainerItemProxy section */
		341F4ED422D3F53500F1000C /* PBXContainerItemProxy */ = {
			isa = PBXContainerItemProxy;
			containerPortal = 341F4EB322D3F53400F1000C /* Project object */;
			proxyType = 1;
			remoteGlobalIDString = 341F4EBA22D3F53400F1000C;
			remoteInfo = "instagram-fbu-ca";
		};
		341F4EDF22D3F53500F1000C /* PBXContainerItemProxy */ = {
			isa = PBXContainerItemProxy;
			containerPortal = 341F4EB322D3F53400F1000C /* Project object */;
			proxyType = 1;
			remoteGlobalIDString = 341F4EBA22D3F53400F1000C;
			remoteInfo = "instagram-fbu-ca";
		};
/* End PBXContainerItemProxy section */

/* Begin PBXFileReference section */
		086D3F79309591F65A843DF2 /* Pods-instagram-fbu-caUITests.release.xcconfig */ = {isa = PBXFileReference; includeInIndex = 1; lastKnownFileType = text.xcconfig; name = "Pods-instagram-fbu-caUITests.release.xcconfig"; path = "Target Support Files/Pods-instagram-fbu-caUITests/Pods-instagram-fbu-caUITests.release.xcconfig"; sourceTree = "<group>"; };
		1083F998E6C4C37A0233E2A4 /* Pods-instagram-fbu-ca.debug.xcconfig */ = {isa = PBXFileReference; includeInIndex = 1; lastKnownFileType = text.xcconfig; name = "Pods-instagram-fbu-ca.debug.xcconfig"; path = "Target Support Files/Pods-instagram-fbu-ca/Pods-instagram-fbu-ca.debug.xcconfig"; sourceTree = "<group>"; };
		144827998CB39373A0C66831 /* Pods-instagram-fbu-caTests.release.xcconfig */ = {isa = PBXFileReference; includeInIndex = 1; lastKnownFileType = text.xcconfig; name = "Pods-instagram-fbu-caTests.release.xcconfig"; path = "Target Support Files/Pods-instagram-fbu-caTests/Pods-instagram-fbu-caTests.release.xcconfig"; sourceTree = "<group>"; };
		17C4964D04238E86A9D675D2 /* Pods_instagram_fbu_ca.framework */ = {isa = PBXFileReference; explicitFileType = wrapper.framework; includeInIndex = 0; path = Pods_instagram_fbu_ca.framework; sourceTree = BUILT_PRODUCTS_DIR; };
		341F4EBB22D3F53400F1000C /* instagram-fbu-ca.app */ = {isa = PBXFileReference; explicitFileType = wrapper.application; includeInIndex = 0; path = "instagram-fbu-ca.app"; sourceTree = BUILT_PRODUCTS_DIR; };
		341F4EBE22D3F53400F1000C /* AppDelegate.h */ = {isa = PBXFileReference; lastKnownFileType = sourcecode.c.h; path = AppDelegate.h; sourceTree = "<group>"; };
		341F4EBF22D3F53400F1000C /* AppDelegate.m */ = {isa = PBXFileReference; lastKnownFileType = sourcecode.c.objc; path = AppDelegate.m; sourceTree = "<group>"; };
		341F4EC522D3F53400F1000C /* Base */ = {isa = PBXFileReference; lastKnownFileType = file.storyboard; name = Base; path = Base.lproj/Main.storyboard; sourceTree = "<group>"; };
		341F4EC722D3F53500F1000C /* Assets.xcassets */ = {isa = PBXFileReference; lastKnownFileType = folder.assetcatalog; path = Assets.xcassets; sourceTree = "<group>"; };
		341F4ECA22D3F53500F1000C /* Base */ = {isa = PBXFileReference; lastKnownFileType = file.storyboard; name = Base; path = Base.lproj/LaunchScreen.storyboard; sourceTree = "<group>"; };
		341F4ECC22D3F53500F1000C /* Info.plist */ = {isa = PBXFileReference; lastKnownFileType = text.plist.xml; path = Info.plist; sourceTree = "<group>"; };
		341F4ECD22D3F53500F1000C /* main.m */ = {isa = PBXFileReference; lastKnownFileType = sourcecode.c.objc; path = main.m; sourceTree = "<group>"; };
		341F4ED322D3F53500F1000C /* instagram-fbu-caTests.xctest */ = {isa = PBXFileReference; explicitFileType = wrapper.cfbundle; includeInIndex = 0; path = "instagram-fbu-caTests.xctest"; sourceTree = BUILT_PRODUCTS_DIR; };
		341F4ED722D3F53500F1000C /* instagram_fbu_caTests.m */ = {isa = PBXFileReference; lastKnownFileType = sourcecode.c.objc; path = instagram_fbu_caTests.m; sourceTree = "<group>"; };
		341F4ED922D3F53500F1000C /* Info.plist */ = {isa = PBXFileReference; lastKnownFileType = text.plist.xml; path = Info.plist; sourceTree = "<group>"; };
		341F4EDE22D3F53500F1000C /* instagram-fbu-caUITests.xctest */ = {isa = PBXFileReference; explicitFileType = wrapper.cfbundle; includeInIndex = 0; path = "instagram-fbu-caUITests.xctest"; sourceTree = BUILT_PRODUCTS_DIR; };
		341F4EE222D3F53500F1000C /* instagram_fbu_caUITests.m */ = {isa = PBXFileReference; lastKnownFileType = sourcecode.c.objc; path = instagram_fbu_caUITests.m; sourceTree = "<group>"; };
		341F4EE422D3F53500F1000C /* Info.plist */ = {isa = PBXFileReference; lastKnownFileType = text.plist.xml; path = Info.plist; sourceTree = "<group>"; };
		344E7F2E22D542EB00178C15 /* SignUpViewController.h */ = {isa = PBXFileReference; lastKnownFileType = sourcecode.c.h; path = SignUpViewController.h; sourceTree = "<group>"; };
		344E7F2F22D542EC00178C15 /* SignUpViewController.m */ = {isa = PBXFileReference; lastKnownFileType = sourcecode.c.objc; path = SignUpViewController.m; sourceTree = "<group>"; };
		344E7F3322D5464E00178C15 /* Login2ViewController.h */ = {isa = PBXFileReference; lastKnownFileType = sourcecode.c.h; path = Login2ViewController.h; sourceTree = "<group>"; };
		344E7F3422D5464E00178C15 /* Login2ViewController.m */ = {isa = PBXFileReference; lastKnownFileType = sourcecode.c.objc; path = Login2ViewController.m; sourceTree = "<group>"; };
		344E7F4622D5BB3200178C15 /* TimelineViewController.h */ = {isa = PBXFileReference; lastKnownFileType = sourcecode.c.h; path = TimelineViewController.h; sourceTree = "<group>"; };
		344E7F4722D5BB3200178C15 /* TimelineViewController.m */ = {isa = PBXFileReference; lastKnownFileType = sourcecode.c.objc; path = TimelineViewController.m; sourceTree = "<group>"; };
		344E7F9122D68E2700178C15 /* CameraViewController.h */ = {isa = PBXFileReference; lastKnownFileType = sourcecode.c.h; path = CameraViewController.h; sourceTree = "<group>"; };
		344E7F9222D68E2700178C15 /* CameraViewController.m */ = {isa = PBXFileReference; lastKnownFileType = sourcecode.c.objc; path = CameraViewController.m; sourceTree = "<group>"; };
		344E7F9522D69CEC00178C15 /* PostCell.h */ = {isa = PBXFileReference; lastKnownFileType = sourcecode.c.h; path = PostCell.h; sourceTree = "<group>"; };
		344E7F9622D69CEC00178C15 /* PostCell.m */ = {isa = PBXFileReference; lastKnownFileType = sourcecode.c.objc; path = PostCell.m; sourceTree = "<group>"; };
		344E7F9922D6A23D00178C15 /* Post.h */ = {isa = PBXFileReference; lastKnownFileType = sourcecode.c.h; path = Post.h; sourceTree = "<group>"; };
		344E7F9A22D6A23D00178C15 /* Post.m */ = {isa = PBXFileReference; lastKnownFileType = sourcecode.c.objc; path = Post.m; sourceTree = "<group>"; };
		344E7F9E22D7DCE200178C15 /* DetailsViewController.h */ = {isa = PBXFileReference; lastKnownFileType = sourcecode.c.h; path = DetailsViewController.h; sourceTree = "<group>"; };
		344E7F9F22D7DCE200178C15 /* DetailsViewController.m */ = {isa = PBXFileReference; lastKnownFileType = sourcecode.c.objc; path = DetailsViewController.m; sourceTree = "<group>"; };
		344E7FA122D8238A00178C15 /* ProfileViewController.h */ = {isa = PBXFileReference; lastKnownFileType = sourcecode.c.h; path = ProfileViewController.h; sourceTree = "<group>"; };
		344E7FA222D8238A00178C15 /* ProfileViewController.m */ = {isa = PBXFileReference; lastKnownFileType = sourcecode.c.objc; path = ProfileViewController.m; sourceTree = "<group>"; };
		344E7FA422D8439700178C15 /* ProfilePostCollectionCell.h */ = {isa = PBXFileReference; lastKnownFileType = sourcecode.c.h; path = ProfilePostCollectionCell.h; sourceTree = "<group>"; };
		344E7FA522D8439700178C15 /* ProfilePostCollectionCell.m */ = {isa = PBXFileReference; lastKnownFileType = sourcecode.c.objc; path = ProfilePostCollectionCell.m; sourceTree = "<group>"; };
		48C463029AB3224C7ECE53F2 /* Pods-instagram-fbu-ca.release.xcconfig */ = {isa = PBXFileReference; includeInIndex = 1; lastKnownFileType = text.xcconfig; name = "Pods-instagram-fbu-ca.release.xcconfig"; path = "Target Support Files/Pods-instagram-fbu-ca/Pods-instagram-fbu-ca.release.xcconfig"; sourceTree = "<group>"; };
		750D13092FA98A9E49C1D963 /* Pods-instagram-fbu-caUITests.debug.xcconfig */ = {isa = PBXFileReference; includeInIndex = 1; lastKnownFileType = text.xcconfig; name = "Pods-instagram-fbu-caUITests.debug.xcconfig"; path = "Target Support Files/Pods-instagram-fbu-caUITests/Pods-instagram-fbu-caUITests.debug.xcconfig"; sourceTree = "<group>"; };
		78E0EF802E573E3F2308523A /* Pods_instagram_fbu_caUITests.framework */ = {isa = PBXFileReference; explicitFileType = wrapper.framework; includeInIndex = 0; path = Pods_instagram_fbu_caUITests.framework; sourceTree = BUILT_PRODUCTS_DIR; };
		A04577CD8BCCBED86958CAAC /* Pods_instagram_fbu_caTests.framework */ = {isa = PBXFileReference; explicitFileType = wrapper.framework; includeInIndex = 0; path = Pods_instagram_fbu_caTests.framework; sourceTree = BUILT_PRODUCTS_DIR; };
		F431EBA82A1C6B02352B6F50 /* Pods-instagram-fbu-caTests.debug.xcconfig */ = {isa = PBXFileReference; includeInIndex = 1; lastKnownFileType = text.xcconfig; name = "Pods-instagram-fbu-caTests.debug.xcconfig"; path = "Target Support Files/Pods-instagram-fbu-caTests/Pods-instagram-fbu-caTests.debug.xcconfig"; sourceTree = "<group>"; };
/* End PBXFileReference section */

/* Begin PBXFrameworksBuildPhase section */
		341F4EB822D3F53400F1000C /* Frameworks */ = {
			isa = PBXFrameworksBuildPhase;
			buildActionMask = 2147483647;
			files = (
				371E7DDA732398D41591EE22 /* Pods_instagram_fbu_ca.framework in Frameworks */,
			);
			runOnlyForDeploymentPostprocessing = 0;
		};
		341F4ED022D3F53500F1000C /* Frameworks */ = {
			isa = PBXFrameworksBuildPhase;
			buildActionMask = 2147483647;
			files = (
				62C0366491CF0DF029E7254E /* Pods_instagram_fbu_caTests.framework in Frameworks */,
			);
			runOnlyForDeploymentPostprocessing = 0;
		};
		341F4EDB22D3F53500F1000C /* Frameworks */ = {
			isa = PBXFrameworksBuildPhase;
			buildActionMask = 2147483647;
			files = (
				332BAF8F9D523448C3F2AF16 /* Pods_instagram_fbu_caUITests.framework in Frameworks */,
			);
			runOnlyForDeploymentPostprocessing = 0;
		};
/* End PBXFrameworksBuildPhase section */

/* Begin PBXGroup section */
		341F4EB222D3F53400F1000C = {
			isa = PBXGroup;
			children = (
				341F4EBD22D3F53400F1000C /* instagram-fbu-ca */,
				341F4ED622D3F53500F1000C /* instagram-fbu-caTests */,
				341F4EE122D3F53500F1000C /* instagram-fbu-caUITests */,
				341F4EBC22D3F53400F1000C /* Products */,
				D878A2841A32CFE7282B9A23 /* Pods */,
				9204B0CD52F7E0B8A7C96A4E /* Frameworks */,
			);
			sourceTree = "<group>";
		};
		341F4EBC22D3F53400F1000C /* Products */ = {
			isa = PBXGroup;
			children = (
				341F4EBB22D3F53400F1000C /* instagram-fbu-ca.app */,
				341F4ED322D3F53500F1000C /* instagram-fbu-caTests.xctest */,
				341F4EDE22D3F53500F1000C /* instagram-fbu-caUITests.xctest */,
			);
			name = Products;
			sourceTree = "<group>";
		};
		341F4EBD22D3F53400F1000C /* instagram-fbu-ca */ = {
			isa = PBXGroup;
			children = (
				344E7F9822D6A12C00178C15 /* Model */,
				344E7F9422D69CC000178C15 /* Views */,
				344E7F3622D5466300178C15 /* ViewControllers */,
				341F4EBE22D3F53400F1000C /* AppDelegate.h */,
				341F4EBF22D3F53400F1000C /* AppDelegate.m */,
				341F4EC422D3F53400F1000C /* Main.storyboard */,
				341F4EC722D3F53500F1000C /* Assets.xcassets */,
				341F4EC922D3F53500F1000C /* LaunchScreen.storyboard */,
				341F4ECC22D3F53500F1000C /* Info.plist */,
				341F4ECD22D3F53500F1000C /* main.m */,
			);
			path = "instagram-fbu-ca";
			sourceTree = "<group>";
		};
		341F4ED622D3F53500F1000C /* instagram-fbu-caTests */ = {
			isa = PBXGroup;
			children = (
				341F4ED722D3F53500F1000C /* instagram_fbu_caTests.m */,
				341F4ED922D3F53500F1000C /* Info.plist */,
			);
			path = "instagram-fbu-caTests";
			sourceTree = "<group>";
		};
		341F4EE122D3F53500F1000C /* instagram-fbu-caUITests */ = {
			isa = PBXGroup;
			children = (
				341F4EE222D3F53500F1000C /* instagram_fbu_caUITests.m */,
				341F4EE422D3F53500F1000C /* Info.plist */,
			);
			path = "instagram-fbu-caUITests";
			sourceTree = "<group>";
		};
		344E7F3622D5466300178C15 /* ViewControllers */ = {
			isa = PBXGroup;
			children = (
				344E7F2E22D542EB00178C15 /* SignUpViewController.h */,
				344E7F2F22D542EC00178C15 /* SignUpViewController.m */,
				344E7F3322D5464E00178C15 /* Login2ViewController.h */,
				344E7F3422D5464E00178C15 /* Login2ViewController.m */,
				344E7F4622D5BB3200178C15 /* TimelineViewController.h */,
				344E7F4722D5BB3200178C15 /* TimelineViewController.m */,
				344E7F9122D68E2700178C15 /* CameraViewController.h */,
				344E7F9222D68E2700178C15 /* CameraViewController.m */,
				344E7F9E22D7DCE200178C15 /* DetailsViewController.h */,
				344E7F9F22D7DCE200178C15 /* DetailsViewController.m */,
				344E7FA122D8238A00178C15 /* ProfileViewController.h */,
				344E7FA222D8238A00178C15 /* ProfileViewController.m */,
			);
			path = ViewControllers;
			sourceTree = "<group>";
		};
		344E7F9422D69CC000178C15 /* Views */ = {
			isa = PBXGroup;
			children = (
				344E7F9522D69CEC00178C15 /* PostCell.h */,
				344E7F9622D69CEC00178C15 /* PostCell.m */,
				344E7FA422D8439700178C15 /* ProfilePostCollectionCell.h */,
				344E7FA522D8439700178C15 /* ProfilePostCollectionCell.m */,
			);
			path = Views;
			sourceTree = "<group>";
		};
		344E7F9822D6A12C00178C15 /* Model */ = {
			isa = PBXGroup;
			children = (
				344E7F9922D6A23D00178C15 /* Post.h */,
				344E7F9A22D6A23D00178C15 /* Post.m */,
			);
			path = Model;
			sourceTree = "<group>";
		};
		9204B0CD52F7E0B8A7C96A4E /* Frameworks */ = {
			isa = PBXGroup;
			children = (
				17C4964D04238E86A9D675D2 /* Pods_instagram_fbu_ca.framework */,
				A04577CD8BCCBED86958CAAC /* Pods_instagram_fbu_caTests.framework */,
				78E0EF802E573E3F2308523A /* Pods_instagram_fbu_caUITests.framework */,
			);
			name = Frameworks;
			sourceTree = "<group>";
		};
		D878A2841A32CFE7282B9A23 /* Pods */ = {
			isa = PBXGroup;
			children = (
				1083F998E6C4C37A0233E2A4 /* Pods-instagram-fbu-ca.debug.xcconfig */,
				48C463029AB3224C7ECE53F2 /* Pods-instagram-fbu-ca.release.xcconfig */,
				F431EBA82A1C6B02352B6F50 /* Pods-instagram-fbu-caTests.debug.xcconfig */,
				144827998CB39373A0C66831 /* Pods-instagram-fbu-caTests.release.xcconfig */,
				750D13092FA98A9E49C1D963 /* Pods-instagram-fbu-caUITests.debug.xcconfig */,
				086D3F79309591F65A843DF2 /* Pods-instagram-fbu-caUITests.release.xcconfig */,
			);
			path = Pods;
			sourceTree = "<group>";
		};
/* End PBXGroup section */

/* Begin PBXNativeTarget section */
		341F4EBA22D3F53400F1000C /* instagram-fbu-ca */ = {
			isa = PBXNativeTarget;
			buildConfigurationList = 341F4EE722D3F53500F1000C /* Build configuration list for PBXNativeTarget "instagram-fbu-ca" */;
			buildPhases = (
				FDCAE4615E446A6EC67FDC77 /* [CP] Check Pods Manifest.lock */,
				341F4EB722D3F53400F1000C /* Sources */,
				341F4EB822D3F53400F1000C /* Frameworks */,
				341F4EB922D3F53400F1000C /* Resources */,
				2A50B272F1800CAF0BABD7FF /* [CP] Embed Pods Frameworks */,
			);
			buildRules = (
			);
			dependencies = (
			);
			name = "instagram-fbu-ca";
			productName = "instagram-fbu-ca";
			productReference = 341F4EBB22D3F53400F1000C /* instagram-fbu-ca.app */;
			productType = "com.apple.product-type.application";
		};
		341F4ED222D3F53500F1000C /* instagram-fbu-caTests */ = {
			isa = PBXNativeTarget;
			buildConfigurationList = 341F4EEA22D3F53500F1000C /* Build configuration list for PBXNativeTarget "instagram-fbu-caTests" */;
			buildPhases = (
				39B36D4A7293D1017A439F05 /* [CP] Check Pods Manifest.lock */,
				341F4ECF22D3F53500F1000C /* Sources */,
				341F4ED022D3F53500F1000C /* Frameworks */,
				341F4ED122D3F53500F1000C /* Resources */,
			);
			buildRules = (
			);
			dependencies = (
				341F4ED522D3F53500F1000C /* PBXTargetDependency */,
			);
			name = "instagram-fbu-caTests";
			productName = "instagram-fbu-caTests";
			productReference = 341F4ED322D3F53500F1000C /* instagram-fbu-caTests.xctest */;
			productType = "com.apple.product-type.bundle.unit-test";
		};
		341F4EDD22D3F53500F1000C /* instagram-fbu-caUITests */ = {
			isa = PBXNativeTarget;
			buildConfigurationList = 341F4EED22D3F53500F1000C /* Build configuration list for PBXNativeTarget "instagram-fbu-caUITests" */;
			buildPhases = (
				7F0B8A2A87109DA89CFDA16D /* [CP] Check Pods Manifest.lock */,
				341F4EDA22D3F53500F1000C /* Sources */,
				341F4EDB22D3F53500F1000C /* Frameworks */,
				341F4EDC22D3F53500F1000C /* Resources */,
			);
			buildRules = (
			);
			dependencies = (
				341F4EE022D3F53500F1000C /* PBXTargetDependency */,
			);
			name = "instagram-fbu-caUITests";
			productName = "instagram-fbu-caUITests";
			productReference = 341F4EDE22D3F53500F1000C /* instagram-fbu-caUITests.xctest */;
			productType = "com.apple.product-type.bundle.ui-testing";
		};
/* End PBXNativeTarget section */

/* Begin PBXProject section */
		341F4EB322D3F53400F1000C /* Project object */ = {
			isa = PBXProject;
			attributes = {
				LastUpgradeCheck = 1020;
				ORGANIZATIONNAME = cassanene;
				TargetAttributes = {
					341F4EBA22D3F53400F1000C = {
						CreatedOnToolsVersion = 10.2.1;
					};
					341F4ED222D3F53500F1000C = {
						CreatedOnToolsVersion = 10.2.1;
						TestTargetID = 341F4EBA22D3F53400F1000C;
					};
					341F4EDD22D3F53500F1000C = {
						CreatedOnToolsVersion = 10.2.1;
						TestTargetID = 341F4EBA22D3F53400F1000C;
					};
				};
			};
			buildConfigurationList = 341F4EB622D3F53400F1000C /* Build configuration list for PBXProject "instagram-fbu-ca" */;
			compatibilityVersion = "Xcode 9.3";
			developmentRegion = en;
			hasScannedForEncodings = 0;
			knownRegions = (
				en,
				Base,
			);
			mainGroup = 341F4EB222D3F53400F1000C;
			productRefGroup = 341F4EBC22D3F53400F1000C /* Products */;
			projectDirPath = "";
			projectRoot = "";
			targets = (
				341F4EBA22D3F53400F1000C /* instagram-fbu-ca */,
				341F4ED222D3F53500F1000C /* instagram-fbu-caTests */,
				341F4EDD22D3F53500F1000C /* instagram-fbu-caUITests */,
			);
		};
/* End PBXProject section */

/* Begin PBXResourcesBuildPhase section */
		341F4EB922D3F53400F1000C /* Resources */ = {
			isa = PBXResourcesBuildPhase;
			buildActionMask = 2147483647;
			files = (
				341F4ECB22D3F53500F1000C /* LaunchScreen.storyboard in Resources */,
				341F4EC822D3F53500F1000C /* Assets.xcassets in Resources */,
				341F4EC622D3F53400F1000C /* Main.storyboard in Resources */,
			);
			runOnlyForDeploymentPostprocessing = 0;
		};
		341F4ED122D3F53500F1000C /* Resources */ = {
			isa = PBXResourcesBuildPhase;
			buildActionMask = 2147483647;
			files = (
			);
			runOnlyForDeploymentPostprocessing = 0;
		};
		341F4EDC22D3F53500F1000C /* Resources */ = {
			isa = PBXResourcesBuildPhase;
			buildActionMask = 2147483647;
			files = (
			);
			runOnlyForDeploymentPostprocessing = 0;
		};
/* End PBXResourcesBuildPhase section */

/* Begin PBXShellScriptBuildPhase section */
		2A50B272F1800CAF0BABD7FF /* [CP] Embed Pods Frameworks */ = {
			isa = PBXShellScriptBuildPhase;
			buildActionMask = 2147483647;
			files = (
			);
			inputFileListPaths = (
				"${PODS_ROOT}/Target Support Files/Pods-instagram-fbu-ca/Pods-instagram-fbu-ca-frameworks-${CONFIGURATION}-input-files.xcfilelist",
			);
			name = "[CP] Embed Pods Frameworks";
			outputFileListPaths = (
				"${PODS_ROOT}/Target Support Files/Pods-instagram-fbu-ca/Pods-instagram-fbu-ca-frameworks-${CONFIGURATION}-output-files.xcfilelist",
			);
			runOnlyForDeploymentPostprocessing = 0;
			shellPath = /bin/sh;
			shellScript = "\"${PODS_ROOT}/Target Support Files/Pods-instagram-fbu-ca/Pods-instagram-fbu-ca-frameworks.sh\"\n";
			showEnvVarsInLog = 0;
		};
		39B36D4A7293D1017A439F05 /* [CP] Check Pods Manifest.lock */ = {
			isa = PBXShellScriptBuildPhase;
			buildActionMask = 2147483647;
			files = (
			);
			inputFileListPaths = (
			);
			inputPaths = (
				"${PODS_PODFILE_DIR_PATH}/Podfile.lock",
				"${PODS_ROOT}/Manifest.lock",
			);
			name = "[CP] Check Pods Manifest.lock";
			outputFileListPaths = (
			);
			outputPaths = (
				"$(DERIVED_FILE_DIR)/Pods-instagram-fbu-caTests-checkManifestLockResult.txt",
			);
			runOnlyForDeploymentPostprocessing = 0;
			shellPath = /bin/sh;
			shellScript = "diff \"${PODS_PODFILE_DIR_PATH}/Podfile.lock\" \"${PODS_ROOT}/Manifest.lock\" > /dev/null\nif [ $? != 0 ] ; then\n    # print error to STDERR\n    echo \"error: The sandbox is not in sync with the Podfile.lock. Run 'pod install' or update your CocoaPods installation.\" >&2\n    exit 1\nfi\n# This output is used by Xcode 'outputs' to avoid re-running this script phase.\necho \"SUCCESS\" > \"${SCRIPT_OUTPUT_FILE_0}\"\n";
			showEnvVarsInLog = 0;
		};
		7F0B8A2A87109DA89CFDA16D /* [CP] Check Pods Manifest.lock */ = {
			isa = PBXShellScriptBuildPhase;
			buildActionMask = 2147483647;
			files = (
			);
			inputFileListPaths = (
			);
			inputPaths = (
				"${PODS_PODFILE_DIR_PATH}/Podfile.lock",
				"${PODS_ROOT}/Manifest.lock",
			);
			name = "[CP] Check Pods Manifest.lock";
			outputFileListPaths = (
			);
			outputPaths = (
				"$(DERIVED_FILE_DIR)/Pods-instagram-fbu-caUITests-checkManifestLockResult.txt",
			);
			runOnlyForDeploymentPostprocessing = 0;
			shellPath = /bin/sh;
			shellScript = "diff \"${PODS_PODFILE_DIR_PATH}/Podfile.lock\" \"${PODS_ROOT}/Manifest.lock\" > /dev/null\nif [ $? != 0 ] ; then\n    # print error to STDERR\n    echo \"error: The sandbox is not in sync with the Podfile.lock. Run 'pod install' or update your CocoaPods installation.\" >&2\n    exit 1\nfi\n# This output is used by Xcode 'outputs' to avoid re-running this script phase.\necho \"SUCCESS\" > \"${SCRIPT_OUTPUT_FILE_0}\"\n";
			showEnvVarsInLog = 0;
		};
		FDCAE4615E446A6EC67FDC77 /* [CP] Check Pods Manifest.lock */ = {
			isa = PBXShellScriptBuildPhase;
			buildActionMask = 2147483647;
			files = (
			);
			inputFileListPaths = (
			);
			inputPaths = (
				"${PODS_PODFILE_DIR_PATH}/Podfile.lock",
				"${PODS_ROOT}/Manifest.lock",
			);
			name = "[CP] Check Pods Manifest.lock";
			outputFileListPaths = (
			);
			outputPaths = (
				"$(DERIVED_FILE_DIR)/Pods-instagram-fbu-ca-checkManifestLockResult.txt",
			);
			runOnlyForDeploymentPostprocessing = 0;
			shellPath = /bin/sh;
			shellScript = "diff \"${PODS_PODFILE_DIR_PATH}/Podfile.lock\" \"${PODS_ROOT}/Manifest.lock\" > /dev/null\nif [ $? != 0 ] ; then\n    # print error to STDERR\n    echo \"error: The sandbox is not in sync with the Podfile.lock. Run 'pod install' or update your CocoaPods installation.\" >&2\n    exit 1\nfi\n# This output is used by Xcode 'outputs' to avoid re-running this script phase.\necho \"SUCCESS\" > \"${SCRIPT_OUTPUT_FILE_0}\"\n";
			showEnvVarsInLog = 0;
		};
/* End PBXShellScriptBuildPhase section */

/* Begin PBXSourcesBuildPhase section */
		341F4EB722D3F53400F1000C /* Sources */ = {
			isa = PBXSourcesBuildPhase;
			buildActionMask = 2147483647;
			files = (
				341F4ECE22D3F53500F1000C /* main.m in Sources */,
				344E7F3022D542EC00178C15 /* SignUpViewController.m in Sources */,
				344E7F3522D5464E00178C15 /* Login2ViewController.m in Sources */,
				344E7F9322D68E2700178C15 /* CameraViewController.m in Sources */,
				344E7FA322D8238A00178C15 /* ProfileViewController.m in Sources */,
				344E7FA622D8439700178C15 /* ProfilePostCollectionCell.m in Sources */,
				344E7F9722D69CEC00178C15 /* PostCell.m in Sources */,
				341F4EC022D3F53400F1000C /* AppDelegate.m in Sources */,
				344E7FA022D7DCE200178C15 /* DetailsViewController.m in Sources */,
				344E7F4822D5BB3200178C15 /* TimelineViewController.m in Sources */,
				344E7F9B22D6A23D00178C15 /* Post.m in Sources */,
			);
			runOnlyForDeploymentPostprocessing = 0;
		};
		341F4ECF22D3F53500F1000C /* Sources */ = {
			isa = PBXSourcesBuildPhase;
			buildActionMask = 2147483647;
			files = (
				341F4ED822D3F53500F1000C /* instagram_fbu_caTests.m in Sources */,
			);
			runOnlyForDeploymentPostprocessing = 0;
		};
		341F4EDA22D3F53500F1000C /* Sources */ = {
			isa = PBXSourcesBuildPhase;
			buildActionMask = 2147483647;
			files = (
				341F4EE322D3F53500F1000C /* instagram_fbu_caUITests.m in Sources */,
			);
			runOnlyForDeploymentPostprocessing = 0;
		};
/* End PBXSourcesBuildPhase section */

/* Begin PBXTargetDependency section */
		341F4ED522D3F53500F1000C /* PBXTargetDependency */ = {
			isa = PBXTargetDependency;
			target = 341F4EBA22D3F53400F1000C /* instagram-fbu-ca */;
			targetProxy = 341F4ED422D3F53500F1000C /* PBXContainerItemProxy */;
		};
		341F4EE022D3F53500F1000C /* PBXTargetDependency */ = {
			isa = PBXTargetDependency;
			target = 341F4EBA22D3F53400F1000C /* instagram-fbu-ca */;
			targetProxy = 341F4EDF22D3F53500F1000C /* PBXContainerItemProxy */;
		};
/* End PBXTargetDependency section */

/* Begin PBXVariantGroup section */
		341F4EC422D3F53400F1000C /* Main.storyboard */ = {
			isa = PBXVariantGroup;
			children = (
				341F4EC522D3F53400F1000C /* Base */,
			);
			name = Main.storyboard;
			sourceTree = "<group>";
		};
		341F4EC922D3F53500F1000C /* LaunchScreen.storyboard */ = {
			isa = PBXVariantGroup;
			children = (
				341F4ECA22D3F53500F1000C /* Base */,
			);
			name = LaunchScreen.storyboard;
			sourceTree = "<group>";
		};
/* End PBXVariantGroup section */

/* Begin XCBuildConfiguration section */
		341F4EE522D3F53500F1000C /* Debug */ = {
			isa = XCBuildConfiguration;
			buildSettings = {
				ALWAYS_SEARCH_USER_PATHS = NO;
				CLANG_ANALYZER_NONNULL = YES;
				CLANG_ANALYZER_NUMBER_OBJECT_CONVERSION = YES_AGGRESSIVE;
				CLANG_CXX_LANGUAGE_STANDARD = "gnu++14";
				CLANG_CXX_LIBRARY = "libc++";
				CLANG_ENABLE_MODULES = YES;
				CLANG_ENABLE_OBJC_ARC = YES;
				CLANG_ENABLE_OBJC_WEAK = YES;
				CLANG_WARN_BLOCK_CAPTURE_AUTORELEASING = YES;
				CLANG_WARN_BOOL_CONVERSION = YES;
				CLANG_WARN_COMMA = YES;
				CLANG_WARN_CONSTANT_CONVERSION = YES;
				CLANG_WARN_DEPRECATED_OBJC_IMPLEMENTATIONS = YES;
				CLANG_WARN_DIRECT_OBJC_ISA_USAGE = YES_ERROR;
				CLANG_WARN_DOCUMENTATION_COMMENTS = YES;
				CLANG_WARN_EMPTY_BODY = YES;
				CLANG_WARN_ENUM_CONVERSION = YES;
				CLANG_WARN_INFINITE_RECURSION = YES;
				CLANG_WARN_INT_CONVERSION = YES;
				CLANG_WARN_NON_LITERAL_NULL_CONVERSION = YES;
				CLANG_WARN_OBJC_IMPLICIT_RETAIN_SELF = YES;
				CLANG_WARN_OBJC_LITERAL_CONVERSION = YES;
				CLANG_WARN_OBJC_ROOT_CLASS = YES_ERROR;
				CLANG_WARN_RANGE_LOOP_ANALYSIS = YES;
				CLANG_WARN_STRICT_PROTOTYPES = YES;
				CLANG_WARN_SUSPICIOUS_MOVE = YES;
				CLANG_WARN_UNGUARDED_AVAILABILITY = YES_AGGRESSIVE;
				CLANG_WARN_UNREACHABLE_CODE = YES;
				CLANG_WARN__DUPLICATE_METHOD_MATCH = YES;
				CODE_SIGN_IDENTITY = "iPhone Developer";
				COPY_PHASE_STRIP = NO;
				DEBUG_INFORMATION_FORMAT = dwarf;
				ENABLE_STRICT_OBJC_MSGSEND = YES;
				ENABLE_TESTABILITY = YES;
				GCC_C_LANGUAGE_STANDARD = gnu11;
				GCC_DYNAMIC_NO_PIC = NO;
				GCC_NO_COMMON_BLOCKS = YES;
				GCC_OPTIMIZATION_LEVEL = 0;
				GCC_PREPROCESSOR_DEFINITIONS = (
					"DEBUG=1",
					"$(inherited)",
				);
				GCC_WARN_64_TO_32_BIT_CONVERSION = YES;
				GCC_WARN_ABOUT_RETURN_TYPE = YES_ERROR;
				GCC_WARN_UNDECLARED_SELECTOR = YES;
				GCC_WARN_UNINITIALIZED_AUTOS = YES_AGGRESSIVE;
				GCC_WARN_UNUSED_FUNCTION = YES;
				GCC_WARN_UNUSED_VARIABLE = YES;
				IPHONEOS_DEPLOYMENT_TARGET = 12.2;
				MTL_ENABLE_DEBUG_INFO = INCLUDE_SOURCE;
				MTL_FAST_MATH = YES;
				ONLY_ACTIVE_ARCH = YES;
				SDKROOT = iphoneos;
			};
			name = Debug;
		};
		341F4EE622D3F53500F1000C /* Release */ = {
			isa = XCBuildConfiguration;
			buildSettings = {
				ALWAYS_SEARCH_USER_PATHS = NO;
				CLANG_ANALYZER_NONNULL = YES;
				CLANG_ANALYZER_NUMBER_OBJECT_CONVERSION = YES_AGGRESSIVE;
				CLANG_CXX_LANGUAGE_STANDARD = "gnu++14";
				CLANG_CXX_LIBRARY = "libc++";
				CLANG_ENABLE_MODULES = YES;
				CLANG_ENABLE_OBJC_ARC = YES;
				CLANG_ENABLE_OBJC_WEAK = YES;
				CLANG_WARN_BLOCK_CAPTURE_AUTORELEASING = YES;
				CLANG_WARN_BOOL_CONVERSION = YES;
				CLANG_WARN_COMMA = YES;
				CLANG_WARN_CONSTANT_CONVERSION = YES;
				CLANG_WARN_DEPRECATED_OBJC_IMPLEMENTATIONS = YES;
				CLANG_WARN_DIRECT_OBJC_ISA_USAGE = YES_ERROR;
				CLANG_WARN_DOCUMENTATION_COMMENTS = YES;
				CLANG_WARN_EMPTY_BODY = YES;
				CLANG_WARN_ENUM_CONVERSION = YES;
				CLANG_WARN_INFINITE_RECURSION = YES;
				CLANG_WARN_INT_CONVERSION = YES;
				CLANG_WARN_NON_LITERAL_NULL_CONVERSION = YES;
				CLANG_WARN_OBJC_IMPLICIT_RETAIN_SELF = YES;
				CLANG_WARN_OBJC_LITERAL_CONVERSION = YES;
				CLANG_WARN_OBJC_ROOT_CLASS = YES_ERROR;
				CLANG_WARN_RANGE_LOOP_ANALYSIS = YES;
				CLANG_WARN_STRICT_PROTOTYPES = YES;
				CLANG_WARN_SUSPICIOUS_MOVE = YES;
				CLANG_WARN_UNGUARDED_AVAILABILITY = YES_AGGRESSIVE;
				CLANG_WARN_UNREACHABLE_CODE = YES;
				CLANG_WARN__DUPLICATE_METHOD_MATCH = YES;
				CODE_SIGN_IDENTITY = "iPhone Developer";
				COPY_PHASE_STRIP = NO;
				DEBUG_INFORMATION_FORMAT = "dwarf-with-dsym";
				ENABLE_NS_ASSERTIONS = NO;
				ENABLE_STRICT_OBJC_MSGSEND = YES;
				GCC_C_LANGUAGE_STANDARD = gnu11;
				GCC_NO_COMMON_BLOCKS = YES;
				GCC_WARN_64_TO_32_BIT_CONVERSION = YES;
				GCC_WARN_ABOUT_RETURN_TYPE = YES_ERROR;
				GCC_WARN_UNDECLARED_SELECTOR = YES;
				GCC_WARN_UNINITIALIZED_AUTOS = YES_AGGRESSIVE;
				GCC_WARN_UNUSED_FUNCTION = YES;
				GCC_WARN_UNUSED_VARIABLE = YES;
				IPHONEOS_DEPLOYMENT_TARGET = 12.2;
				MTL_ENABLE_DEBUG_INFO = NO;
				MTL_FAST_MATH = YES;
				SDKROOT = iphoneos;
				VALIDATE_PRODUCT = YES;
			};
			name = Release;
		};
		341F4EE822D3F53500F1000C /* Debug */ = {
			isa = XCBuildConfiguration;
			baseConfigurationReference = 1083F998E6C4C37A0233E2A4 /* Pods-instagram-fbu-ca.debug.xcconfig */;
			buildSettings = {
				ASSETCATALOG_COMPILER_APPICON_NAME = AppIcon;
				CODE_SIGN_STYLE = Automatic;
				DEVELOPMENT_TEAM = 57UB94TP9S;
				INFOPLIST_FILE = "instagram-fbu-ca/Info.plist";
				LD_RUNPATH_SEARCH_PATHS = (
					"$(inherited)",
					"@executable_path/Frameworks",
				);
				PRODUCT_BUNDLE_IDENTIFIER = "cassaneneHU.instagram-fbu-ca";
				PRODUCT_NAME = "$(TARGET_NAME)";
				TARGETED_DEVICE_FAMILY = "1,2";
			};
			name = Debug;
		};
		341F4EE922D3F53500F1000C /* Release */ = {
			isa = XCBuildConfiguration;
			baseConfigurationReference = 48C463029AB3224C7ECE53F2 /* Pods-instagram-fbu-ca.release.xcconfig */;
			buildSettings = {
				ASSETCATALOG_COMPILER_APPICON_NAME = AppIcon;
				CODE_SIGN_STYLE = Automatic;
				DEVELOPMENT_TEAM = 57UB94TP9S;
				INFOPLIST_FILE = "instagram-fbu-ca/Info.plist";
				LD_RUNPATH_SEARCH_PATHS = (
					"$(inherited)",
					"@executable_path/Frameworks",
				);
				PRODUCT_BUNDLE_IDENTIFIER = "cassaneneHU.instagram-fbu-ca";
				PRODUCT_NAME = "$(TARGET_NAME)";
				TARGETED_DEVICE_FAMILY = "1,2";
			};
			name = Release;
		};
		341F4EEB22D3F53500F1000C /* Debug */ = {
			isa = XCBuildConfiguration;
			baseConfigurationReference = F431EBA82A1C6B02352B6F50 /* Pods-instagram-fbu-caTests.debug.xcconfig */;
			buildSettings = {
				BUNDLE_LOADER = "$(TEST_HOST)";
				CODE_SIGN_STYLE = Automatic;
				DEVELOPMENT_TEAM = 57UB94TP9S;
				INFOPLIST_FILE = "instagram-fbu-caTests/Info.plist";
				LD_RUNPATH_SEARCH_PATHS = (
					"$(inherited)",
					"@executable_path/Frameworks",
					"@loader_path/Frameworks",
				);
				PRODUCT_BUNDLE_IDENTIFIER = "cassaneneHU.instagram-fbu-caTests";
				PRODUCT_NAME = "$(TARGET_NAME)";
				TARGETED_DEVICE_FAMILY = "1,2";
				TEST_HOST = "$(BUILT_PRODUCTS_DIR)/instagram-fbu-ca.app/instagram-fbu-ca";
			};
			name = Debug;
		};
		341F4EEC22D3F53500F1000C /* Release */ = {
			isa = XCBuildConfiguration;
			baseConfigurationReference = 144827998CB39373A0C66831 /* Pods-instagram-fbu-caTests.release.xcconfig */;
			buildSettings = {
				BUNDLE_LOADER = "$(TEST_HOST)";
				CODE_SIGN_STYLE = Automatic;
				DEVELOPMENT_TEAM = 57UB94TP9S;
				INFOPLIST_FILE = "instagram-fbu-caTests/Info.plist";
				LD_RUNPATH_SEARCH_PATHS = (
					"$(inherited)",
					"@executable_path/Frameworks",
					"@loader_path/Frameworks",
				);
				PRODUCT_BUNDLE_IDENTIFIER = "cassaneneHU.instagram-fbu-caTests";
				PRODUCT_NAME = "$(TARGET_NAME)";
				TARGETED_DEVICE_FAMILY = "1,2";
				TEST_HOST = "$(BUILT_PRODUCTS_DIR)/instagram-fbu-ca.app/instagram-fbu-ca";
			};
			name = Release;
		};
		341F4EEE22D3F53500F1000C /* Debug */ = {
			isa = XCBuildConfiguration;
			baseConfigurationReference = 750D13092FA98A9E49C1D963 /* Pods-instagram-fbu-caUITests.debug.xcconfig */;
			buildSettings = {
				CODE_SIGN_STYLE = Automatic;
				DEVELOPMENT_TEAM = 57UB94TP9S;
				INFOPLIST_FILE = "instagram-fbu-caUITests/Info.plist";
				LD_RUNPATH_SEARCH_PATHS = (
					"$(inherited)",
					"@executable_path/Frameworks",
					"@loader_path/Frameworks",
				);
				PRODUCT_BUNDLE_IDENTIFIER = "cassaneneHU.instagram-fbu-caUITests";
				PRODUCT_NAME = "$(TARGET_NAME)";
				TARGETED_DEVICE_FAMILY = "1,2";
				TEST_TARGET_NAME = "instagram-fbu-ca";
			};
			name = Debug;
		};
		341F4EEF22D3F53500F1000C /* Release */ = {
			isa = XCBuildConfiguration;
			baseConfigurationReference = 086D3F79309591F65A843DF2 /* Pods-instagram-fbu-caUITests.release.xcconfig */;
			buildSettings = {
				CODE_SIGN_STYLE = Automatic;
				DEVELOPMENT_TEAM = 57UB94TP9S;
				INFOPLIST_FILE = "instagram-fbu-caUITests/Info.plist";
				LD_RUNPATH_SEARCH_PATHS = (
					"$(inherited)",
					"@executable_path/Frameworks",
					"@loader_path/Frameworks",
				);
				PRODUCT_BUNDLE_IDENTIFIER = "cassaneneHU.instagram-fbu-caUITests";
				PRODUCT_NAME = "$(TARGET_NAME)";
				TARGETED_DEVICE_FAMILY = "1,2";
				TEST_TARGET_NAME = "instagram-fbu-ca";
			};
			name = Release;
		};
/* End XCBuildConfiguration section */

/* Begin XCConfigurationList section */
		341F4EB622D3F53400F1000C /* Build configuration list for PBXProject "instagram-fbu-ca" */ = {
			isa = XCConfigurationList;
			buildConfigurations = (
				341F4EE522D3F53500F1000C /* Debug */,
				341F4EE622D3F53500F1000C /* Release */,
			);
			defaultConfigurationIsVisible = 0;
			defaultConfigurationName = Release;
		};
		341F4EE722D3F53500F1000C /* Build configuration list for PBXNativeTarget "instagram-fbu-ca" */ = {
			isa = XCConfigurationList;
			buildConfigurations = (
				341F4EE822D3F53500F1000C /* Debug */,
				341F4EE922D3F53500F1000C /* Release */,
			);
			defaultConfigurationIsVisible = 0;
			defaultConfigurationName = Release;
		};
		341F4EEA22D3F53500F1000C /* Build configuration list for PBXNativeTarget "instagram-fbu-caTests" */ = {
			isa = XCConfigurationList;
			buildConfigurations = (
				341F4EEB22D3F53500F1000C /* Debug */,
				341F4EEC22D3F53500F1000C /* Release */,
			);
			defaultConfigurationIsVisible = 0;
			defaultConfigurationName = Release;
		};
		341F4EED22D3F53500F1000C /* Build configuration list for PBXNativeTarget "instagram-fbu-caUITests" */ = {
			isa = XCConfigurationList;
			buildConfigurations = (
				341F4EEE22D3F53500F1000C /* Debug */,
				341F4EEF22D3F53500F1000C /* Release */,
			);
			defaultConfigurationIsVisible = 0;
			defaultConfigurationName = Release;
		};
/* End XCConfigurationList section */
	};
	rootObject = 341F4EB322D3F53400F1000C /* Project object */;
}
